
Microsoft Visual Studio Solution File, Format Version 12.00
# Visual Studio Version 16
VisualStudioVersion = 25.0.1704.2
MinimumVisualStudioVersion = 10.0.40219.1
Project("{FAE04EC0-301F-11D3-BF4B-00C04F79EFBC}") = "contacts", "contacts\contacts.csproj", "{6BC6BA2B-66AA-4C62-AAF2-245E4CD16799}"
EndProject
Global
	GlobalSection(SolutionConfigurationPlatforms) = preSolution
		Debug|Any CPU = Debug|Any CPU
		Release|Any CPU = Release|Any CPU
	EndGlobalSection
	GlobalSection(ProjectConfigurationPlatforms) = postSolution
		{6BC6BA2B-66AA-4C62-AAF2-245E4CD16799}.Debug|Any CPU.ActiveCfg = Debug|Any CPU
		{6BC6BA2B-66AA-4C62-AAF2-245E4CD16799}.Debug|Any CPU.Build.0 = Debug|Any CPU
		{6BC6BA2B-66AA-4C62-AAF2-245E4CD16799}.Release|Any CPU.ActiveCfg = Release|Any CPU
		{6BC6BA2B-66AA-4C62-AAF2-245E4CD16799}.Release|Any CPU.Build.0 = Release|Any CPU
	EndGlobalSection
	GlobalSection(SolutionProperties) = preSolution
		HideSolutionNode = FALSE
	EndGlobalSection
	GlobalSection(ExtensibilityGlobals) = postSolution
		SolutionGuid = {606C9A0E-B754-4891-9E76-B2A7067B3AEC}
	EndGlobalSection
EndGlobal
